
Microsoft Visual Studio Solution File, Format Version 12.00
# Visual Studio Version 17
VisualStudioVersion = 17.13.35825.156 d17.13
MinimumVisualStudioVersion = 10.0.40219.1
Project("{FAE04EC0-301F-11D3-BF4B-00C04F79EFBC}") = "FullyECommerceAPP.API", "FullyECommerceAPP.API\FullyECommerceAPP.API.csproj", "{5277E874-13E9-4BD3-B13C-F02829F449DA}"
EndProject
Global
	GlobalSection(SolutionConfigurationPlatforms) = preSolution
		Debug|Any CPU = Debug|Any CPU
		Release|Any CPU = Release|Any CPU
	EndGlobalSection
	GlobalSection(ProjectConfigurationPlatforms) = postSolution
		{5277E874-13E9-4BD3-B13C-F02829F449DA}.Debug|Any CPU.ActiveCfg = Debug|Any CPU
		{5277E874-13E9-4BD3-B13C-F02829F449DA}.Debug|Any CPU.Build.0 = Debug|Any CPU
		{5277E874-13E9-4BD3-B13C-F02829F449DA}.Release|Any CPU.ActiveCfg = Release|Any CPU
		{5277E874-13E9-4BD3-B13C-F02829F449DA}.Release|Any CPU.Build.0 = Release|Any CPU
	EndGlobalSection
	GlobalSection(SolutionProperties) = preSolution
		HideSolutionNode = FALSE
	EndGlobalSection
	GlobalSection(ExtensibilityGlobals) = postSolution
		SolutionGuid = {2EB359DE-F73E-4186-A3BF-0BC05BE0FAF4}
	EndGlobalSection
EndGlobal
